
Microsoft Visual Studio Solution File, Format Version 12.00
# Visual Studio Version 18
VisualStudioVersion = 18.3.11520.95 d18.3
MinimumVisualStudioVersion = 10.0.40219.1
Project("{FAE04EC0-301F-11D3-BF4B-00C04F79EFBC}") = "Flight.Api", "src\Flight.Api\Flight.Api.csproj", "{494F4B21-9216-0BA7-F67D-F73F5C56B6FA}"
EndProject
Project("{FAE04EC0-301F-11D3-BF4B-00C04F79EFBC}") = "Flight.Application", "src\Flight.Application\Flight.Application.csproj", "{F4D47783-A110-EF0B-6797-7793016E6B4A}"
EndProject
Project("{FAE04EC0-301F-11D3-BF4B-00C04F79EFBC}") = "Flight.CrossCutting", "src\Flight.CrossCutting\Flight.CrossCutting.csproj", "{C6DB26FB-1EEF-1C45-FE17-F0F128F7A4E0}"
EndProject
Project("{FAE04EC0-301F-11D3-BF4B-00C04F79EFBC}") = "Flight.Domain", "src\Flight.Domain\Flight.Domain.csproj", "{91C41230-DAB0-8641-AE4B-4880888B890F}"
EndProject
Project("{FAE04EC0-301F-11D3-BF4B-00C04F79EFBC}") = "Flight.Domain.Core", "src\Flight.Domain.Core\Flight.Domain.Core.csproj", "{CFC72FE1-8F8B-3AEC-7165-19981DCF00A4}"
EndProject
Project("{FAE04EC0-301F-11D3-BF4B-00C04F79EFBC}") = "Flight.Infrastructure", "src\Flight.Infrastructure\Flight.Infrastructure.csproj", "{F1A5CDAE-10F5-D063-5820-A4C823E974BC}"
EndProject
Project("{FAE04EC0-301F-11D3-BF4B-00C04F79EFBC}") = "Flight.Util", "src\Flight.Util\Flight.Util.csproj", "{7B0418C1-63FC-D92A-4A4B-33E61E44051E}"
EndProject
Project("{FAE04EC0-301F-11D3-BF4B-00C04F79EFBC}") = "Flight.UnitTests", "tests\Flight.UnitTests\Flight.UnitTests.csproj", "{BA5DAC9C-C845-F31A-8ADB-6F4582FE75EE}"
EndProject
Global
	GlobalSection(SolutionConfigurationPlatforms) = preSolution
		Debug|Any CPU = Debug|Any CPU
		Release|Any CPU = Release|Any CPU
	EndGlobalSection
	GlobalSection(ProjectConfigurationPlatforms) = postSolution
		{494F4B21-9216-0BA7-F67D-F73F5C56B6FA}.Debug|Any CPU.ActiveCfg = Debug|Any CPU
		{494F4B21-9216-0BA7-F67D-F73F5C56B6FA}.Debug|Any CPU.Build.0 = Debug|Any CPU
		{494F4B21-9216-0BA7-F67D-F73F5C56B6FA}.Release|Any CPU.ActiveCfg = Release|Any CPU
		{494F4B21-9216-0BA7-F67D-F73F5C56B6FA}.Release|Any CPU.Build.0 = Release|Any CPU
		{F4D47783-A110-EF0B-6797-7793016E6B4A}.Debug|Any CPU.ActiveCfg = Debug|Any CPU
		{F4D47783-A110-EF0B-6797-7793016E6B4A}.Debug|Any CPU.Build.0 = Debug|Any CPU
		{F4D47783-A110-EF0B-6797-7793016E6B4A}.Release|Any CPU.ActiveCfg = Release|Any CPU
		{F4D47783-A110-EF0B-6797-7793016E6B4A}.Release|Any CPU.Build.0 = Release|Any CPU
		{C6DB26FB-1EEF-1C45-FE17-F0F128F7A4E0}.Debug|Any CPU.ActiveCfg = Debug|Any CPU
		{C6DB26FB-1EEF-1C45-FE17-F0F128F7A4E0}.Debug|Any CPU.Build.0 = Debug|Any CPU
		{C6DB26FB-1EEF-1C45-FE17-F0F128F7A4E0}.Release|Any CPU.ActiveCfg = Release|Any CPU
		{C6DB26FB-1EEF-1C45-FE17-F0F128F7A4E0}.Release|Any CPU.Build.0 = Release|Any CPU
		{91C41230-DAB0-8641-AE4B-4880888B890F}.Debug|Any CPU.ActiveCfg = Debug|Any CPU
		{91C41230-DAB0-8641-AE4B-4880888B890F}.Debug|Any CPU.Build.0 = Debug|Any CPU
		{91C41230-DAB0-8641-AE4B-4880888B890F}.Release|Any CPU.ActiveCfg = Release|Any CPU
		{91C41230-DAB0-8641-AE4B-4880888B890F}.Release|Any CPU.Build.0 = Release|Any CPU
		{CFC72FE1-8F8B-3AEC-7165-19981DCF00A4}.Debug|Any CPU.ActiveCfg = Debug|Any CPU
		{CFC72FE1-8F8B-3AEC-7165-19981DCF00A4}.Debug|Any CPU.Build.0 = Debug|Any CPU
		{CFC72FE1-8F8B-3AEC-7165-19981DCF00A4}.Release|Any CPU.ActiveCfg = Release|Any CPU
		{CFC72FE1-8F8B-3AEC-7165-19981DCF00A4}.Release|Any CPU.Build.0 = Release|Any CPU
		{F1A5CDAE-10F5-D063-5820-A4C823E974BC}.Debug|Any CPU.ActiveCfg = Debug|Any CPU
		{F1A5CDAE-10F5-D063-5820-A4C823E974BC}.Debug|Any CPU.Build.0 = Debug|Any CPU
		{F1A5CDAE-10F5-D063-5820-A4C823E974BC}.Release|Any CPU.ActiveCfg = Release|Any CPU
		{F1A5CDAE-10F5-D063-5820-A4C823E974BC}.Release|Any CPU.Build.0 = Release|Any CPU
		{7B0418C1-63FC-D92A-4A4B-33E61E44051E}.Debug|Any CPU.ActiveCfg = Debug|Any CPU
		{7B0418C1-63FC-D92A-4A4B-33E61E44051E}.Debug|Any CPU.Build.0 = Debug|Any CPU
		{7B0418C1-63FC-D92A-4A4B-33E61E44051E}.Release|Any CPU.ActiveCfg = Release|Any CPU
		{7B0418C1-63FC-D92A-4A4B-33E61E44051E}.Release|Any CPU.Build.0 = Release|Any CPU
		{BA5DAC9C-C845-F31A-8ADB-6F4582FE75EE}.Debug|Any CPU.ActiveCfg = Debug|Any CPU
		{BA5DAC9C-C845-F31A-8ADB-6F4582FE75EE}.Debug|Any CPU.Build.0 = Debug|Any CPU
		{BA5DAC9C-C845-F31A-8ADB-6F4582FE75EE}.Release|Any CPU.ActiveCfg = Release|Any CPU
		{BA5DAC9C-C845-F31A-8ADB-6F4582FE75EE}.Release|Any CPU.Build.0 = Release|Any CPU
	EndGlobalSection
	GlobalSection(SolutionProperties) = preSolution
		HideSolutionNode = FALSE
	EndGlobalSection
	GlobalSection(ExtensibilityGlobals) = postSolution
		SolutionGuid = {58BE3C0D-E9F3-4E17-B0A8-ABC3548C54F0}
	EndGlobalSection
EndGlobal
